
Microsoft Visual Studio Solution File, Format Version 12.00
# Visual Studio Version 17
VisualStudioVersion = 17.11.35219.272
MinimumVisualStudioVersion = 10.0.40219.1
Project("{FAE04EC0-301F-11D3-BF4B-00C04F79EFBC}") = "AumentoSueldo", "AumentoSueldo\AumentoSueldo.csproj", "{AE43A340-9B09-4387-AE93-BEEDAB93ECD9}"
EndProject
Global
	GlobalSection(SolutionConfigurationPlatforms) = preSolution
		Debug|Any CPU = Debug|Any CPU
		Release|Any CPU = Release|Any CPU
	EndGlobalSection
	GlobalSection(ProjectConfigurationPlatforms) = postSolution
		{AE43A340-9B09-4387-AE93-BEEDAB93ECD9}.Debug|Any CPU.ActiveCfg = Debug|Any CPU
		{AE43A340-9B09-4387-AE93-BEEDAB93ECD9}.Debug|Any CPU.Build.0 = Debug|Any CPU
		{AE43A340-9B09-4387-AE93-BEEDAB93ECD9}.Release|Any CPU.ActiveCfg = Release|Any CPU
		{AE43A340-9B09-4387-AE93-BEEDAB93ECD9}.Release|Any CPU.Build.0 = Release|Any CPU
	EndGlobalSection
	GlobalSection(SolutionProperties) = preSolution
		HideSolutionNode = FALSE
	EndGlobalSection
	GlobalSection(ExtensibilityGlobals) = postSolution
		SolutionGuid = {B6DE0787-A75E-428C-8CBA-3D74576C5429}
	EndGlobalSection
EndGlobal
