
Microsoft Visual Studio Solution File, Format Version 12.00
# Visual Studio Version 17
VisualStudioVersion = 17.11.35219.272
MinimumVisualStudioVersion = 10.0.40219.1
Project("{FAE04EC0-301F-11D3-BF4B-00C04F79EFBC}") = "impuestos_de_articulo", "impuestos_de_articulo\impuestos_de_articulo.csproj", "{8E53A930-7094-4685-916F-28558EEB61F2}"
EndProject
Global
	GlobalSection(SolutionConfigurationPlatforms) = preSolution
		Debug|Any CPU = Debug|Any CPU
		Release|Any CPU = Release|Any CPU
	EndGlobalSection
	GlobalSection(ProjectConfigurationPlatforms) = postSolution
		{8E53A930-7094-4685-916F-28558EEB61F2}.Debug|Any CPU.ActiveCfg = Debug|Any CPU
		{8E53A930-7094-4685-916F-28558EEB61F2}.Debug|Any CPU.Build.0 = Debug|Any CPU
		{8E53A930-7094-4685-916F-28558EEB61F2}.Release|Any CPU.ActiveCfg = Release|Any CPU
		{8E53A930-7094-4685-916F-28558EEB61F2}.Release|Any CPU.Build.0 = Release|Any CPU
	EndGlobalSection
	GlobalSection(SolutionProperties) = preSolution
		HideSolutionNode = FALSE
	EndGlobalSection
	GlobalSection(ExtensibilityGlobals) = postSolution
		SolutionGuid = {AAE07486-BFCB-4D5F-B626-DAA30C04E74A}
	EndGlobalSection
EndGlobal
