
Microsoft Visual Studio Solution File, Format Version 12.00
# Visual Studio Version 17
VisualStudioVersion = 17.11.35219.272
MinimumVisualStudioVersion = 10.0.40219.1
Project("{FAE04EC0-301F-11D3-BF4B-00C04F79EFBC}") = "calculadoraBasicaCon3Numeros", "calculadoraBasicaCon3Numeros\calculadoraBasicaCon3Numeros.csproj", "{9256EB00-FEC7-4AF1-AE24-7E2AF14F1696}"
EndProject
Global
	GlobalSection(SolutionConfigurationPlatforms) = preSolution
		Debug|Any CPU = Debug|Any CPU
		Release|Any CPU = Release|Any CPU
	EndGlobalSection
	GlobalSection(ProjectConfigurationPlatforms) = postSolution
		{9256EB00-FEC7-4AF1-AE24-7E2AF14F1696}.Debug|Any CPU.ActiveCfg = Debug|Any CPU
		{9256EB00-FEC7-4AF1-AE24-7E2AF14F1696}.Debug|Any CPU.Build.0 = Debug|Any CPU
		{9256EB00-FEC7-4AF1-AE24-7E2AF14F1696}.Release|Any CPU.ActiveCfg = Release|Any CPU
		{9256EB00-FEC7-4AF1-AE24-7E2AF14F1696}.Release|Any CPU.Build.0 = Release|Any CPU
	EndGlobalSection
	GlobalSection(SolutionProperties) = preSolution
		HideSolutionNode = FALSE
	EndGlobalSection
	GlobalSection(ExtensibilityGlobals) = postSolution
		SolutionGuid = {19FAEBCE-1496-4CEF-A2B9-45082C84590E}
	EndGlobalSection
EndGlobal
